<?xml version="1.0" encoding="UTF-8"?>
<Scheme
   version = "1.3">
   <BuildAction>
      <BuildActionEntries>
         <BuildActionEntry
            buildForRunning = "YES">
            <BuildableReference
               BuildableIdentifier = "primary"
               BlueprintIdentifier = "7997AA485D1590ECA0B0E503"
               BuildableName = "WebViewHandoff.app"
               BlueprintName = "WebViewHandoff"
               ReferencedContainer = "container:WebViewHandoff.xcodeproj">
            </BuildableReference>
         </BuildActionEntry>
      </BuildActionEntries>
   </BuildAction>
   <LaunchAction
      useCustomWorkingDirectory = "NO"
      buildConfiguration = "Debug">
      <BuildableProductRunnable>
         <BuildableReference
            BuildableIdentifier = "primary"
            BlueprintIdentifier = "7997AA485D1590ECA0B0E503"
            BuildableName = "WebViewHandoff.app"
            BlueprintName = "WebViewHandoff"
            ReferencedContainer = "container:WebViewHandoff.xcodeproj">
         </BuildableReference>
      </BuildableProductRunnable>
   </LaunchAction>
</Scheme>
